
Microsoft Visual Studio Solution File, Format Version 12.00
# Visual Studio Version 17
VisualStudioVersion = 17.0.31903.59
MinimumVisualStudioVersion = 10.0.40219.1
Project("{2150E333-8FDC-42A3-9474-1A3956D46DE8}") = "src", "src", "{827E0CD3-B72D-47B6-A68D-7590B98EB39B}"
EndProject
Project("{FAE04EC0-301F-11D3-BF4B-00C04F79EFBC}") = "TelegramBotFlow.Core", "src\TelegramBotFlow.Core\TelegramBotFlow.Core.csproj", "{9926E378-3EF3-4CC0-9480-AC802EA93046}"
EndProject
Project("{FAE04EC0-301F-11D3-BF4B-00C04F79EFBC}") = "TelegramBotFlow.App", "src\TelegramBotFlow.App\TelegramBotFlow.App.csproj", "{BB44EC8F-0C7F-4506-B2CA-5D66AE4FFC5B}"
EndProject
Project("{2150E333-8FDC-42A3-9474-1A3956D46DE8}") = "tests", "tests", "{0AB3BF05-4346-4AA6-1389-037BE0695223}"
EndProject
Project("{FAE04EC0-301F-11D3-BF4B-00C04F79EFBC}") = "TelegramBotFlow.Core.Tests", "tests\TelegramBotFlow.Core.Tests\TelegramBotFlow.Core.Tests.csproj", "{ED1C1B6A-2DAF-4488-890D-A31AC099A223}"
EndProject
Project("{FAE04EC0-301F-11D3-BF4B-00C04F79EFBC}") = "TelegramBotFlow.IntegrationTests", "tests\TelegramBotFlow.IntegrationTests\TelegramBotFlow.IntegrationTests.csproj", "{3512A7DD-204F-4099-8A0C-4B40659998BB}"
EndProject
Project("{FAE04EC0-301F-11D3-BF4B-00C04F79EFBC}") = "TelegramBotFlow.Broadcasts", "src\TelegramBotFlow.Broadcasts\TelegramBotFlow.Broadcasts.csproj", "{7703801A-2569-4B4D-840F-DE52B0D17E76}"
EndProject
Project("{FAE04EC0-301F-11D3-BF4B-00C04F79EFBC}") = "TelegramBotFlow.Core.Data", "src\TelegramBotFlow.Core.Data\TelegramBotFlow.Core.Data.csproj", "{7A8B06BA-3D50-4039-98E9-2C51EF85A0B0}"
EndProject
Global
	GlobalSection(SolutionConfigurationPlatforms) = preSolution
		Debug|Any CPU = Debug|Any CPU
		Debug|x64 = Debug|x64
		Debug|x86 = Debug|x86
		Release|Any CPU = Release|Any CPU
		Release|x64 = Release|x64
		Release|x86 = Release|x86
	EndGlobalSection
	GlobalSection(ProjectConfigurationPlatforms) = postSolution
		{9926E378-3EF3-4CC0-9480-AC802EA93046}.Debug|Any CPU.ActiveCfg = Debug|Any CPU
		{9926E378-3EF3-4CC0-9480-AC802EA93046}.Debug|Any CPU.Build.0 = Debug|Any CPU
		{9926E378-3EF3-4CC0-9480-AC802EA93046}.Debug|x64.ActiveCfg = Debug|Any CPU
		{9926E378-3EF3-4CC0-9480-AC802EA93046}.Debug|x64.Build.0 = Debug|Any CPU
		{9926E378-3EF3-4CC0-9480-AC802EA93046}.Debug|x86.ActiveCfg = Debug|Any CPU
		{9926E378-3EF3-4CC0-9480-AC802EA93046}.Debug|x86.Build.0 = Debug|Any CPU
		{9926E378-3EF3-4CC0-9480-AC802EA93046}.Release|Any CPU.ActiveCfg = Release|Any CPU
		{9926E378-3EF3-4CC0-9480-AC802EA93046}.Release|Any CPU.Build.0 = Release|Any CPU
		{9926E378-3EF3-4CC0-9480-AC802EA93046}.Release|x64.ActiveCfg = Release|Any CPU
		{9926E378-3EF3-4CC0-9480-AC802EA93046}.Release|x64.Build.0 = Release|Any CPU
		{9926E378-3EF3-4CC0-9480-AC802EA93046}.Release|x86.ActiveCfg = Release|Any CPU
		{9926E378-3EF3-4CC0-9480-AC802EA93046}.Release|x86.Build.0 = Release|Any CPU
		{BB44EC8F-0C7F-4506-B2CA-5D66AE4FFC5B}.Debug|Any CPU.ActiveCfg = Debug|Any CPU
		{BB44EC8F-0C7F-4506-B2CA-5D66AE4FFC5B}.Debug|Any CPU.Build.0 = Debug|Any CPU
		{BB44EC8F-0C7F-4506-B2CA-5D66AE4FFC5B}.Debug|x64.ActiveCfg = Debug|Any CPU
		{BB44EC8F-0C7F-4506-B2CA-5D66AE4FFC5B}.Debug|x64.Build.0 = Debug|Any CPU
		{BB44EC8F-0C7F-4506-B2CA-5D66AE4FFC5B}.Debug|x86.ActiveCfg = Debug|Any CPU
		{BB44EC8F-0C7F-4506-B2CA-5D66AE4FFC5B}.Debug|x86.Build.0 = Debug|Any CPU
		{BB44EC8F-0C7F-4506-B2CA-5D66AE4FFC5B}.Release|Any CPU.ActiveCfg = Release|Any CPU
		{BB44EC8F-0C7F-4506-B2CA-5D66AE4FFC5B}.Release|Any CPU.Build.0 = Release|Any CPU
		{BB44EC8F-0C7F-4506-B2CA-5D66AE4FFC5B}.Release|x64.ActiveCfg = Release|Any CPU
		{BB44EC8F-0C7F-4506-B2CA-5D66AE4FFC5B}.Release|x64.Build.0 = Release|Any CPU
		{BB44EC8F-0C7F-4506-B2CA-5D66AE4FFC5B}.Release|x86.ActiveCfg = Release|Any CPU
		{BB44EC8F-0C7F-4506-B2CA-5D66AE4FFC5B}.Release|x86.Build.0 = Release|Any CPU
		{ED1C1B6A-2DAF-4488-890D-A31AC099A223}.Debug|Any CPU.ActiveCfg = Debug|Any CPU
		{ED1C1B6A-2DAF-4488-890D-A31AC099A223}.Debug|Any CPU.Build.0 = Debug|Any CPU
		{ED1C1B6A-2DAF-4488-890D-A31AC099A223}.Debug|x64.ActiveCfg = Debug|Any CPU
		{ED1C1B6A-2DAF-4488-890D-A31AC099A223}.Debug|x64.Build.0 = Debug|Any CPU
		{ED1C1B6A-2DAF-4488-890D-A31AC099A223}.Debug|x86.ActiveCfg = Debug|Any CPU
		{ED1C1B6A-2DAF-4488-890D-A31AC099A223}.Debug|x86.Build.0 = Debug|Any CPU
		{ED1C1B6A-2DAF-4488-890D-A31AC099A223}.Release|Any CPU.ActiveCfg = Release|Any CPU
		{ED1C1B6A-2DAF-4488-890D-A31AC099A223}.Release|Any CPU.Build.0 = Release|Any CPU
		{ED1C1B6A-2DAF-4488-890D-A31AC099A223}.Release|x64.ActiveCfg = Release|Any CPU
		{ED1C1B6A-2DAF-4488-890D-A31AC099A223}.Release|x64.Build.0 = Release|Any CPU
		{ED1C1B6A-2DAF-4488-890D-A31AC099A223}.Release|x86.ActiveCfg = Release|Any CPU
		{ED1C1B6A-2DAF-4488-890D-A31AC099A223}.Release|x86.Build.0 = Release|Any CPU
		{3512A7DD-204F-4099-8A0C-4B40659998BB}.Debug|Any CPU.ActiveCfg = Debug|Any CPU
		{3512A7DD-204F-4099-8A0C-4B40659998BB}.Debug|Any CPU.Build.0 = Debug|Any CPU
		{3512A7DD-204F-4099-8A0C-4B40659998BB}.Debug|x64.ActiveCfg = Debug|Any CPU
		{3512A7DD-204F-4099-8A0C-4B40659998BB}.Debug|x64.Build.0 = Debug|Any CPU
		{3512A7DD-204F-4099-8A0C-4B40659998BB}.Debug|x86.ActiveCfg = Debug|Any CPU
		{3512A7DD-204F-4099-8A0C-4B40659998BB}.Debug|x86.Build.0 = Debug|Any CPU
		{3512A7DD-204F-4099-8A0C-4B40659998BB}.Release|Any CPU.ActiveCfg = Release|Any CPU
		{3512A7DD-204F-4099-8A0C-4B40659998BB}.Release|Any CPU.Build.0 = Release|Any CPU
		{3512A7DD-204F-4099-8A0C-4B40659998BB}.Release|x64.ActiveCfg = Release|Any CPU
		{3512A7DD-204F-4099-8A0C-4B40659998BB}.Release|x64.Build.0 = Release|Any CPU
		{3512A7DD-204F-4099-8A0C-4B40659998BB}.Release|x86.ActiveCfg = Release|Any CPU
		{3512A7DD-204F-4099-8A0C-4B40659998BB}.Release|x86.Build.0 = Release|Any CPU
		{7703801A-2569-4B4D-840F-DE52B0D17E76}.Debug|Any CPU.ActiveCfg = Debug|Any CPU
		{7703801A-2569-4B4D-840F-DE52B0D17E76}.Debug|Any CPU.Build.0 = Debug|Any CPU
		{7703801A-2569-4B4D-840F-DE52B0D17E76}.Debug|x64.ActiveCfg = Debug|Any CPU
		{7703801A-2569-4B4D-840F-DE52B0D17E76}.Debug|x64.Build.0 = Debug|Any CPU
		{7703801A-2569-4B4D-840F-DE52B0D17E76}.Debug|x86.ActiveCfg = Debug|Any CPU
		{7703801A-2569-4B4D-840F-DE52B0D17E76}.Debug|x86.Build.0 = Debug|Any CPU
		{7703801A-2569-4B4D-840F-DE52B0D17E76}.Release|Any CPU.ActiveCfg = Release|Any CPU
		{7703801A-2569-4B4D-840F-DE52B0D17E76}.Release|Any CPU.Build.0 = Release|Any CPU
		{7703801A-2569-4B4D-840F-DE52B0D17E76}.Release|x64.ActiveCfg = Release|Any CPU
		{7703801A-2569-4B4D-840F-DE52B0D17E76}.Release|x64.Build.0 = Release|Any CPU
		{7703801A-2569-4B4D-840F-DE52B0D17E76}.Release|x86.ActiveCfg = Release|Any CPU
		{7703801A-2569-4B4D-840F-DE52B0D17E76}.Release|x86.Build.0 = Release|Any CPU
		{7A8B06BA-3D50-4039-98E9-2C51EF85A0B0}.Debug|Any CPU.ActiveCfg = Debug|Any CPU
		{7A8B06BA-3D50-4039-98E9-2C51EF85A0B0}.Debug|Any CPU.Build.0 = Debug|Any CPU
		{7A8B06BA-3D50-4039-98E9-2C51EF85A0B0}.Debug|x64.ActiveCfg = Debug|Any CPU
		{7A8B06BA-3D50-4039-98E9-2C51EF85A0B0}.Debug|x64.Build.0 = Debug|Any CPU
		{7A8B06BA-3D50-4039-98E9-2C51EF85A0B0}.Debug|x86.ActiveCfg = Debug|Any CPU
		{7A8B06BA-3D50-4039-98E9-2C51EF85A0B0}.Debug|x86.Build.0 = Debug|Any CPU
		{7A8B06BA-3D50-4039-98E9-2C51EF85A0B0}.Release|Any CPU.ActiveCfg = Release|Any CPU
		{7A8B06BA-3D50-4039-98E9-2C51EF85A0B0}.Release|Any CPU.Build.0 = Release|Any CPU
		{7A8B06BA-3D50-4039-98E9-2C51EF85A0B0}.Release|x64.ActiveCfg = Release|Any CPU
		{7A8B06BA-3D50-4039-98E9-2C51EF85A0B0}.Release|x64.Build.0 = Release|Any CPU
		{7A8B06BA-3D50-4039-98E9-2C51EF85A0B0}.Release|x86.ActiveCfg = Release|Any CPU
		{7A8B06BA-3D50-4039-98E9-2C51EF85A0B0}.Release|x86.Build.0 = Release|Any CPU
	EndGlobalSection
	GlobalSection(SolutionProperties) = preSolution
		HideSolutionNode = FALSE
	EndGlobalSection
	GlobalSection(NestedProjects) = preSolution
		{9926E378-3EF3-4CC0-9480-AC802EA93046} = {827E0CD3-B72D-47B6-A68D-7590B98EB39B}
		{BB44EC8F-0C7F-4506-B2CA-5D66AE4FFC5B} = {827E0CD3-B72D-47B6-A68D-7590B98EB39B}
		{ED1C1B6A-2DAF-4488-890D-A31AC099A223} = {0AB3BF05-4346-4AA6-1389-037BE0695223}
		{3512A7DD-204F-4099-8A0C-4B40659998BB} = {0AB3BF05-4346-4AA6-1389-037BE0695223}
		{7703801A-2569-4B4D-840F-DE52B0D17E76} = {827E0CD3-B72D-47B6-A68D-7590B98EB39B}
		{7A8B06BA-3D50-4039-98E9-2C51EF85A0B0} = {827E0CD3-B72D-47B6-A68D-7590B98EB39B}
	EndGlobalSection
EndGlobal
